
Microsoft Visual Studio Solution File, Format Version 12.00
# Visual Studio 14
VisualStudioVersion = 14.0.25420.1
MinimumVisualStudioVersion = 10.0.40219.1
Project("{888888A0-9F3D-457C-B088-3A5042F75D52}") = "unittest_teste", "unittest1\unittest_teste.pyproj", "{99C882D0-04CD-4CEE-B711-2828BCAFCD1F}"
EndProject
Project("{888888A0-9F3D-457C-B088-3A5042F75D52}") = "seleniumWebdriver_teste", "seleniumWebdriver_testes\seleniumWebdriver_teste.pyproj", "{86C29D4D-CFB0-469B-8294-3AD096DF9334}"
EndProject
Project("{888888A0-9F3D-457C-B088-3A5042F75D52}") = "seleniumWebdriver_Xpath", "PythonApplication1\seleniumWebdriver_Xpath.pyproj", "{38DE2C3C-BEC4-4851-B5A6-EE09F32FB079}"
EndProject
Global
	GlobalSection(SolutionConfigurationPlatforms) = preSolution
		Debug|Any CPU = Debug|Any CPU
		Release|Any CPU = Release|Any CPU
	EndGlobalSection
	GlobalSection(ProjectConfigurationPlatforms) = postSolution
		{99C882D0-04CD-4CEE-B711-2828BCAFCD1F}.Debug|Any CPU.ActiveCfg = Debug|Any CPU
		{99C882D0-04CD-4CEE-B711-2828BCAFCD1F}.Release|Any CPU.ActiveCfg = Release|Any CPU
		{86C29D4D-CFB0-469B-8294-3AD096DF9334}.Debug|Any CPU.ActiveCfg = Debug|Any CPU
		{86C29D4D-CFB0-469B-8294-3AD096DF9334}.Release|Any CPU.ActiveCfg = Release|Any CPU
		{38DE2C3C-BEC4-4851-B5A6-EE09F32FB079}.Debug|Any CPU.ActiveCfg = Debug|Any CPU
		{38DE2C3C-BEC4-4851-B5A6-EE09F32FB079}.Release|Any CPU.ActiveCfg = Release|Any CPU
	EndGlobalSection
	GlobalSection(SolutionProperties) = preSolution
		HideSolutionNode = FALSE
	EndGlobalSection
EndGlobal
